
Microsoft Visual Studio Solution File, Format Version 10.00
# Visual Studio 2008
Project("{8BC9CEB8-8B4A-11D0-8D11-00A0C91BC942}") = "3DvisBaseManager", "3DvisBaseManager\3DvisBaseManager.vcproj", "{2CF0464F-01D0-48F1-A7BF-2A541FB9173A}"
EndProject
Global
	GlobalSection(SolutionConfigurationPlatforms) = preSolution
		Debug|Win32 = Debug|Win32
		Release|Win32 = Release|Win32
	EndGlobalSection
	GlobalSection(ProjectConfigurationPlatforms) = postSolution
		{2CF0464F-01D0-48F1-A7BF-2A541FB9173A}.Debug|Win32.ActiveCfg = Release|Win32
		{2CF0464F-01D0-48F1-A7BF-2A541FB9173A}.Debug|Win32.Build.0 = Release|Win32
		{2CF0464F-01D0-48F1-A7BF-2A541FB9173A}.Release|Win32.ActiveCfg = Debug|Win32
		{2CF0464F-01D0-48F1-A7BF-2A541FB9173A}.Release|Win32.Build.0 = Debug|Win32
	EndGlobalSection
	GlobalSection(SolutionProperties) = preSolution
		HideSolutionNode = FALSE
	EndGlobalSection
EndGlobal
